
Microsoft Visual Studio Solution File, Format Version 12.00
# Visual Studio 15
VisualStudioVersion = 15.0.28010.2048
MinimumVisualStudioVersion = 10.0.40219.1
Project("{159641D6-6404-4A2A-AE62-294DE0FE8301}") = "Integration Services Project ETL", "Integration Services Project ETL\Integration Services Project ETL.dtproj", "{ADC477EE-65CF-4626-80A5-6B75B84ADDA8}"
EndProject
Global
	GlobalSection(SolutionConfigurationPlatforms) = preSolution
		Development|Default = Development|Default
	EndGlobalSection
	GlobalSection(ProjectConfigurationPlatforms) = postSolution
		{ADC477EE-65CF-4626-80A5-6B75B84ADDA8}.Development|Default.ActiveCfg = Development
		{ADC477EE-65CF-4626-80A5-6B75B84ADDA8}.Development|Default.Build.0 = Development
	EndGlobalSection
	GlobalSection(SolutionProperties) = preSolution
		HideSolutionNode = FALSE
	EndGlobalSection
	GlobalSection(ExtensibilityGlobals) = postSolution
		SolutionGuid = {F7A9D072-2DCE-4126-B848-8C2BFAB1E10A}
	EndGlobalSection
EndGlobal
