
Microsoft Visual Studio Solution File, Format Version 12.00
# Visual Studio 15
VisualStudioVersion = 15.0.28010.2036
MinimumVisualStudioVersion = 10.0.40219.1
Project("{FAE04EC0-301F-11D3-BF4B-00C04F79EFBC}") = "WindowsFormsApp1", "WindowsFormsApp1\WindowsFormsApp1.csproj", "{5CBD632B-68F3-4B82-A260-31DD3051DA13}"
EndProject
Global
	GlobalSection(SolutionConfigurationPlatforms) = preSolution
		Debug|Any CPU = Debug|Any CPU
		Release|Any CPU = Release|Any CPU
	EndGlobalSection
	GlobalSection(ProjectConfigurationPlatforms) = postSolution
		{5CBD632B-68F3-4B82-A260-31DD3051DA13}.Debug|Any CPU.ActiveCfg = Debug|Any CPU
		{5CBD632B-68F3-4B82-A260-31DD3051DA13}.Debug|Any CPU.Build.0 = Debug|Any CPU
		{5CBD632B-68F3-4B82-A260-31DD3051DA13}.Release|Any CPU.ActiveCfg = Release|Any CPU
		{5CBD632B-68F3-4B82-A260-31DD3051DA13}.Release|Any CPU.Build.0 = Release|Any CPU
	EndGlobalSection
	GlobalSection(SolutionProperties) = preSolution
		HideSolutionNode = FALSE
	EndGlobalSection
	GlobalSection(ExtensibilityGlobals) = postSolution
		SolutionGuid = {22A74529-FAFC-40F0-A765-A7A0B703EC09}
	EndGlobalSection
EndGlobal
